github.com/adamplansky/hackme3 v0.0.0-20200313065903-f528404a428f h1:XKoF5ga2gvMPk3D9GkaPy2q8WCZ84OcU8a5nnjcxv3s=
github.com/adamplansky/hackme3 v0.0.0-20200313065903-f528404a428f/go.mod h1:2FxCueQAcOsIGF90gR23XehdKBadMhwuhCMxvSarX0E=
github.com/adamplansky/hackme3 v0.0.0-20200313070005-2a0cadbebc4b h1:kgj+YOZ6ll8Re629N1n/7igdwmfeqWlknPgC1dBOysU=
github.com/adamplansky/hackme3 v0.0.0-20200313070005-2a0cadbebc4b/go.mod h1:2FxCueQAcOsIGF90gR23XehdKBadMhwuhCMxvSarX0E=
github.com/adamplansky/hackme3 v0.0.0-20200313070501-affc3d8541d0 h1:7SqCuea/sTtdutSzkm5W3JYJ6lFXkT5GQaS3Sn97rGc=
github.com/adamplansky/hackme3 v0.0.0-20200313070501-affc3d8541d0/go.mod h1:2FxCueQAcOsIGF90gR23XehdKBadMhwuhCMxvSarX0E=
github.com/adamplansky/hackme3 v0.0.0-20200313071507-0f63c4f542eb h1:g8s+wTkuZvB6Z3KbY4qGfRzTsRWNkzFAKTQk8o8PGmA=
github.com/adamplansky/hackme3 v0.0.0-20200313071507-0f63c4f542eb/go.mod h1:2FxCueQAcOsIGF90gR23XehdKBadMhwuhCMxvSarX0E=
github.com/adamplansky/hackme3 v0.0.0-20200313072217-82e94bbe71ce h1:eL0ZIkqS5QAt99Sz50Svb3sNjOlgN8TvU4MJaB/wwWE=
github.com/adamplansky/hackme3 v0.0.0-20200313072217-82e94bbe71ce/go.mod h1:2FxCueQAcOsIGF90gR23XehdKBadMhwuhCMxvSarX0E=
github.com/adamplansky/hackme3 v0.0.0-20200313074548-ad264a43eccb h1:hjg98ekjAn4xJT8HJiRKfsMYTvkD/LtwXrhpijNLxQU=
github.com/adamplansky/hackme3 v0.0.0-20200313074548-ad264a43eccb/go.mod h1:2FxCueQAcOsIGF90gR23XehdKBadMhwuhCMxvSarX0E=
